// !$*UTF8*$!
{
	archiveVersion = 1;
	classes = {
	};
	objectVersion = 50;
	objects = {

/* Begin PBXBuildFile section */
		39034FFE21669F4300A249E3 /* AppDelegate.m in Sources */ = {isa = PBXBuildFile; fileRef = 39034FFD21669F4300A249E3 /* AppDelegate.m */; };
		3903500421669F4300A249E3 /* Main.storyboard in Resources */ = {isa = PBXBuildFile; fileRef = 3903500221669F4300A249E3 /* Main.storyboard */; };
		3903500621669F4400A249E3 /* Assets.xcassets in Resources */ = {isa = PBXBuildFile; fileRef = 3903500521669F4400A249E3 /* Assets.xcassets */; };
		3903500921669F4400A249E3 /* LaunchScreen.storyboard in Resources */ = {isa = PBXBuildFile; fileRef = 3903500721669F4400A249E3 /* LaunchScreen.storyboard */; };
		3903500C21669F4400A249E3 /* main.m in Sources */ = {isa = PBXBuildFile; fileRef = 3903500B21669F4400A249E3 /* main.m */; };
		390350182166A6BE00A249E3 /* LTBCalculatorViewController.m in Sources */ = {isa = PBXBuildFile; fileRef = 390350172166A6BE00A249E3 /* LTBCalculatorViewController.m */; };
		3903501D2166AF4600A249E3 /* LTBStack.m in Sources */ = {isa = PBXBuildFile; fileRef = 3903501C2166AF4600A249E3 /* LTBStack.m */; };
		390350202166BD0900A249E3 /* LTBCalculator.m in Sources */ = {isa = PBXBuildFile; fileRef = 3903501F2166BD0900A249E3 /* LTBCalculator.m */; };
/* End PBXBuildFile section */

/* Begin PBXFileReference section */
		39034FF921669F4300A249E3 /* RPNCalculator.app */ = {isa = PBXFileReference; explicitFileType = wrapper.application; includeInIndex = 0; path = RPNCalculator.app; sourceTree = BUILT_PRODUCTS_DIR; };
		39034FFC21669F4300A249E3 /* AppDelegate.h */ = {isa = PBXFileReference; lastKnownFileType = sourcecode.c.h; path = AppDelegate.h; sourceTree = "<group>"; };
		39034FFD21669F4300A249E3 /* AppDelegate.m */ = {isa = PBXFileReference; lastKnownFileType = sourcecode.c.objc; path = AppDelegate.m; sourceTree = "<group>"; };
		3903500321669F4300A249E3 /* Base */ = {isa = PBXFileReference; lastKnownFileType = file.storyboard; name = Base; path = Base.lproj/Main.storyboard; sourceTree = "<group>"; };
		3903500521669F4400A249E3 /* Assets.xcassets */ = {isa = PBXFileReference; lastKnownFileType = folder.assetcatalog; path = Assets.xcassets; sourceTree = "<group>"; };
		3903500821669F4400A249E3 /* Base */ = {isa = PBXFileReference; lastKnownFileType = file.storyboard; name = Base; path = Base.lproj/LaunchScreen.storyboard; sourceTree = "<group>"; };
		3903500A21669F4400A249E3 /* Info.plist */ = {isa = PBXFileReference; lastKnownFileType = text.plist.xml; path = Info.plist; sourceTree = "<group>"; };
		3903500B21669F4400A249E3 /* main.m */ = {isa = PBXFileReference; lastKnownFileType = sourcecode.c.objc; path = main.m; sourceTree = "<group>"; };
		390350162166A6BE00A249E3 /* LTBCalculatorViewController.h */ = {isa = PBXFileReference; lastKnownFileType = sourcecode.c.h; path = LTBCalculatorViewController.h; sourceTree = "<group>"; };
		390350172166A6BE00A249E3 /* LTBCalculatorViewController.m */ = {isa = PBXFileReference; lastKnownFileType = sourcecode.c.objc; path = LTBCalculatorViewController.m; sourceTree = "<group>"; };
		3903501B2166AF4600A249E3 /* LTBStack.h */ = {isa = PBXFileReference; lastKnownFileType = sourcecode.c.h; path = LTBStack.h; sourceTree = "<group>"; };
		3903501C2166AF4600A249E3 /* LTBStack.m */ = {isa = PBXFileReference; lastKnownFileType = sourcecode.c.objc; path = LTBStack.m; sourceTree = "<group>"; };
		3903501E2166BD0900A249E3 /* LTBCalculator.h */ = {isa = PBXFileReference; lastKnownFileType = sourcecode.c.h; path = LTBCalculator.h; sourceTree = "<group>"; };
		3903501F2166BD0900A249E3 /* LTBCalculator.m */ = {isa = PBXFileReference; lastKnownFileType = sourcecode.c.objc; path = LTBCalculator.m; sourceTree = "<group>"; };
/* End PBXFileReference section */

/* Begin PBXFrameworksBuildPhase section */
		39034FF621669F4300A249E3 /* Frameworks */ = {
			isa = PBXFrameworksBuildPhase;
			buildActionMask = 2147483647;
			files = (
			);
			runOnlyForDeploymentPostprocessing = 0;
		};
/* End PBXFrameworksBuildPhase section */

/* Begin PBXGroup section */
		39034FF021669F4300A249E3 = {
			isa = PBXGroup;
			children = (
				39034FFB21669F4300A249E3 /* RPNCalculator */,
				39034FFA21669F4300A249E3 /* Products */,
			);
			sourceTree = "<group>";
		};
		39034FFA21669F4300A249E3 /* Products */ = {
			isa = PBXGroup;
			children = (
				39034FF921669F4300A249E3 /* RPNCalculator.app */,
			);
			name = Products;
			sourceTree = "<group>";
		};
		39034FFB21669F4300A249E3 /* RPNCalculator */ = {
			isa = PBXGroup;
			children = (
				3903501521669F6B00A249E3 /* App Lifecycle */,
				390350192166AF1600A249E3 /* Model */,
				3903501A2166AF1C00A249E3 /* Model Controller */,
				3903501221669F4B00A249E3 /* View Controllers */,
				3903501321669F5300A249E3 /* Storyboards */,
				3903501421669F5E00A249E3 /* Resources */,
			);
			path = RPNCalculator;
			sourceTree = "<group>";
		};
		3903501221669F4B00A249E3 /* View Controllers */ = {
			isa = PBXGroup;
			children = (
				390350162166A6BE00A249E3 /* LTBCalculatorViewController.h */,
				390350172166A6BE00A249E3 /* LTBCalculatorViewController.m */,
			);
			path = "View Controllers";
			sourceTree = "<group>";
		};
		3903501321669F5300A249E3 /* Storyboards */ = {
			isa = PBXGroup;
			children = (
				3903500221669F4300A249E3 /* Main.storyboard */,
				3903500721669F4400A249E3 /* LaunchScreen.storyboard */,
			);
			path = Storyboards;
			sourceTree = "<group>";
		};
		3903501421669F5E00A249E3 /* Resources */ = {
			isa = PBXGroup;
			children = (
				3903500521669F4400A249E3 /* Assets.xcassets */,
				3903500A21669F4400A249E3 /* Info.plist */,
				3903500B21669F4400A249E3 /* main.m */,
			);
			path = Resources;
			sourceTree = "<group>";
		};
		3903501521669F6B00A249E3 /* App Lifecycle */ = {
			isa = PBXGroup;
			children = (
				39034FFC21669F4300A249E3 /* AppDelegate.h */,
				39034FFD21669F4300A249E3 /* AppDelegate.m */,
			);
			path = "App Lifecycle";
			sourceTree = "<group>";
		};
		390350192166AF1600A249E3 /* Model */ = {
			isa = PBXGroup;
			children = (
				3903501B2166AF4600A249E3 /* LTBStack.h */,
				3903501C2166AF4600A249E3 /* LTBStack.m */,
				3903501E2166BD0900A249E3 /* LTBCalculator.h */,
				3903501F2166BD0900A249E3 /* LTBCalculator.m */,
			);
			path = Model;
			sourceTree = "<group>";
		};
		3903501A2166AF1C00A249E3 /* Model Controller */ = {
			isa = PBXGroup;
			children = (
			);
			path = "Model Controller";
			sourceTree = "<group>";
		};
/* End PBXGroup section */

/* Begin PBXNativeTarget section */
		39034FF821669F4300A249E3 /* RPNCalculator */ = {
			isa = PBXNativeTarget;
			buildConfigurationList = 3903500F21669F4400A249E3 /* Build configuration list for PBXNativeTarget "RPNCalculator" */;
			buildPhases = (
				39034FF521669F4300A249E3 /* Sources */,
				39034FF621669F4300A249E3 /* Frameworks */,
				39034FF721669F4300A249E3 /* Resources */,
			);
			buildRules = (
			);
			dependencies = (
			);
			name = RPNCalculator;
			productName = RPNCalculator;
			productReference = 39034FF921669F4300A249E3 /* RPNCalculator.app */;
			productType = "com.apple.product-type.application";
		};
/* End PBXNativeTarget section */

/* Begin PBXProject section */
		39034FF121669F4300A249E3 /* Project object */ = {
			isa = PBXProject;
			attributes = {
				CLASSPREFIX = LTB;
				LastUpgradeCheck = 1000;
				ORGANIZATIONNAME = "Linh Bouniol";
				TargetAttributes = {
					39034FF821669F4300A249E3 = {
						CreatedOnToolsVersion = 10.0;
					};
				};
			};
			buildConfigurationList = 39034FF421669F4300A249E3 /* Build configuration list for PBXProject "RPNCalculator" */;
			compatibilityVersion = "Xcode 9.3";
			developmentRegion = en;
			hasScannedForEncodings = 0;
			knownRegions = (
				en,
				Base,
			);
			mainGroup = 39034FF021669F4300A249E3;
			productRefGroup = 39034FFA21669F4300A249E3 /* Products */;
			projectDirPath = "";
			projectRoot = "";
			targets = (
				39034FF821669F4300A249E3 /* RPNCalculator */,
			);
		};
/* End PBXProject section */

/* Begin PBXResourcesBuildPhase section */
		39034FF721669F4300A249E3 /* Resources */ = {
			isa = PBXResourcesBuildPhase;
			buildActionMask = 2147483647;
			files = (
				3903500921669F4400A249E3 /* LaunchScreen.storyboard in Resources */,
				3903500621669F4400A249E3 /* Assets.xcassets in Resources */,
				3903500421669F4300A249E3 /* Main.storyboard in Resources */,
			);
			runOnlyForDeploymentPostprocessing = 0;
		};
/* End PBXResourcesBuildPhase section */

/* Begin PBXSourcesBuildPhase section */
		39034FF521669F4300A249E3 /* Sources */ = {
			isa = PBXSourcesBuildPhase;
			buildActionMask = 2147483647;
			files = (
				390350182166A6BE00A249E3 /* LTBCalculatorViewController.m in Sources */,
				3903501D2166AF4600A249E3 /* LTBStack.m in Sources */,
				3903500C21669F4400A249E3 /* main.m in Sources */,
				390350202166BD0900A249E3 /* LTBCalculator.m in Sources */,
				39034FFE21669F4300A249E3 /* AppDelegate.m in Sources */,
			);
			runOnlyForDeploymentPostprocessing = 0;
		};
/* End PBXSourcesBuildPhase section */

/* Begin PBXVariantGroup section */
		3903500221669F4300A249E3 /* Main.storyboard */ = {
			isa = PBXVariantGroup;
			children = (
				3903500321669F4300A249E3 /* Base */,
			);
			name = Main.storyboard;
			sourceTree = "<group>";
		};
		3903500721669F4400A249E3 /* LaunchScreen.storyboard */ = {
			isa = PBXVariantGroup;
			children = (
				3903500821669F4400A249E3 /* Base */,
			);
			name = LaunchScreen.storyboard;
			sourceTree = "<group>";
		};
/* End PBXVariantGroup section */

/* Begin XCBuildConfiguration section */
		3903500D21669F4400A249E3 /* Debug */ = {
			isa = XCBuildConfiguration;
			buildSettings = {
				ALWAYS_SEARCH_USER_PATHS = NO;
				CLANG_ANALYZER_NONNULL = YES;
				CLANG_ANALYZER_NUMBER_OBJECT_CONVERSION = YES_AGGRESSIVE;
				CLANG_CXX_LANGUAGE_STANDARD = "gnu++14";
				CLANG_CXX_LIBRARY = "libc++";
				CLANG_ENABLE_MODULES = YES;
				CLANG_ENABLE_OBJC_ARC = YES;
				CLANG_ENABLE_OBJC_WEAK = YES;
				CLANG_WARN_BLOCK_CAPTURE_AUTORELEASING = YES;
				CLANG_WARN_BOOL_CONVERSION = YES;
				CLANG_WARN_COMMA = YES;
				CLANG_WARN_CONSTANT_CONVERSION = YES;
				CLANG_WARN_DEPRECATED_OBJC_IMPLEMENTATIONS = YES;
				CLANG_WARN_DIRECT_OBJC_ISA_USAGE = YES_ERROR;
				CLANG_WARN_DOCUMENTATION_COMMENTS = YES;
				CLANG_WARN_EMPTY_BODY = YES;
				CLANG_WARN_ENUM_CONVERSION = YES;
				CLANG_WARN_INFINITE_RECURSION = YES;
				CLANG_WARN_INT_CONVERSION = YES;
				CLANG_WARN_NON_LITERAL_NULL_CONVERSION = YES;
				CLANG_WARN_OBJC_IMPLICIT_RETAIN_SELF = YES;
				CLANG_WARN_OBJC_LITERAL_CONVERSION = YES;
				CLANG_WARN_OBJC_ROOT_CLASS = YES_ERROR;
				CLANG_WARN_RANGE_LOOP_ANALYSIS = YES;
				CLANG_WARN_STRICT_PROTOTYPES = YES;
				CLANG_WARN_SUSPICIOUS_MOVE = YES;
				CLANG_WARN_UNGUARDED_AVAILABILITY = YES_AGGRESSIVE;
				CLANG_WARN_UNREACHABLE_CODE = YES;
				CLANG_WARN__DUPLICATE_METHOD_MATCH = YES;
				CODE_SIGN_IDENTITY = "iPhone Developer";
				COPY_PHASE_STRIP = NO;
				DEBUG_INFORMATION_FORMAT = dwarf;
				ENABLE_STRICT_OBJC_MSGSEND = YES;
				ENABLE_TESTABILITY = YES;
				GCC_C_LANGUAGE_STANDARD = gnu11;
				GCC_DYNAMIC_NO_PIC = NO;
				GCC_NO_COMMON_BLOCKS = YES;
				GCC_OPTIMIZATION_LEVEL = 0;
				GCC_PREPROCESSOR_DEFINITIONS = (
					"DEBUG=1",
					"$(inherited)",
				);
				GCC_WARN_64_TO_32_BIT_CONVERSION = YES;
				GCC_WARN_ABOUT_RETURN_TYPE = YES_ERROR;
				GCC_WARN_UNDECLARED_SELECTOR = YES;
				GCC_WARN_UNINITIALIZED_AUTOS = YES_AGGRESSIVE;
				GCC_WARN_UNUSED_FUNCTION = YES;
				GCC_WARN_UNUSED_VARIABLE = YES;
				IPHONEOS_DEPLOYMENT_TARGET = 12.0;
				MTL_ENABLE_DEBUG_INFO = INCLUDE_SOURCE;
				MTL_FAST_MATH = YES;
				ONLY_ACTIVE_ARCH = YES;
				SDKROOT = iphoneos;
			};
			name = Debug;
		};
		3903500E21669F4400A249E3 /* Release */ = {
			isa = XCBuildConfiguration;
			buildSettings = {
				ALWAYS_SEARCH_USER_PATHS = NO;
				CLANG_ANALYZER_NONNULL = YES;
				CLANG_ANALYZER_NUMBER_OBJECT_CONVERSION = YES_AGGRESSIVE;
				CLANG_CXX_LANGUAGE_STANDARD = "gnu++14";
				CLANG_CXX_LIBRARY = "libc++";
				CLANG_ENABLE_MODULES = YES;
				CLANG_ENABLE_OBJC_ARC = YES;
				CLANG_ENABLE_OBJC_WEAK = YES;
				CLANG_WARN_BLOCK_CAPTURE_AUTORELEASING = YES;
				CLANG_WARN_BOOL_CONVERSION = YES;
				CLANG_WARN_COMMA = YES;
				CLANG_WARN_CONSTANT_CONVERSION = YES;
				CLANG_WARN_DEPRECATED_OBJC_IMPLEMENTATIONS = YES;
				CLANG_WARN_DIRECT_OBJC_ISA_USAGE = YES_ERROR;
				CLANG_WARN_DOCUMENTATION_COMMENTS = YES;
				CLANG_WARN_EMPTY_BODY = YES;
				CLANG_WARN_ENUM_CONVERSION = YES;
				CLANG_WARN_INFINITE_RECURSION = YES;
				CLANG_WARN_INT_CONVERSION = YES;
				CLANG_WARN_NON_LITERAL_NULL_CONVERSION = YES;
				CLANG_WARN_OBJC_IMPLICIT_RETAIN_SELF = YES;
				CLANG_WARN_OBJC_LITERAL_CONVERSION = YES;
				CLANG_WARN_OBJC_ROOT_CLASS = YES_ERROR;
				CLANG_WARN_RANGE_LOOP_ANALYSIS = YES;
				CLANG_WARN_STRICT_PROTOTYPES = YES;
				CLANG_WARN_SUSPICIOUS_MOVE = YES;
				CLANG_WARN_UNGUARDED_AVAILABILITY = YES_AGGRESSIVE;
				CLANG_WARN_UNREACHABLE_CODE = YES;
				CLANG_WARN__DUPLICATE_METHOD_MATCH = YES;
				CODE_SIGN_IDENTITY = "iPhone Developer";
				COPY_PHASE_STRIP = NO;
				DEBUG_INFORMATION_FORMAT = "dwarf-with-dsym";
				ENABLE_NS_ASSERTIONS = NO;
				ENABLE_STRICT_OBJC_MSGSEND = YES;
				GCC_C_LANGUAGE_STANDARD = gnu11;
				GCC_NO_COMMON_BLOCKS = YES;
				GCC_WARN_64_TO_32_BIT_CONVERSION = YES;
				GCC_WARN_ABOUT_RETURN_TYPE = YES_ERROR;
				GCC_WARN_UNDECLARED_SELECTOR = YES;
				GCC_WARN_UNINITIALIZED_AUTOS = YES_AGGRESSIVE;
				GCC_WARN_UNUSED_FUNCTION = YES;
				GCC_WARN_UNUSED_VARIABLE = YES;
				IPHONEOS_DEPLOYMENT_TARGET = 12.0;
				MTL_ENABLE_DEBUG_INFO = NO;
				MTL_FAST_MATH = YES;
				SDKROOT = iphoneos;
				VALIDATE_PRODUCT = YES;
			};
			name = Release;
		};
		3903501021669F4400A249E3 /* Debug */ = {
			isa = XCBuildConfiguration;
			buildSettings = {
				ASSETCATALOG_COMPILER_APPICON_NAME = AppIcon;
				CODE_SIGN_STYLE = Automatic;
				DEVELOPMENT_TEAM = "";
				INFOPLIST_FILE = "$(SRCROOT)/RPNCalculator/Resources/Info.plist";
				LD_RUNPATH_SEARCH_PATHS = (
					"$(inherited)",
					"@executable_path/Frameworks",
				);
				PRODUCT_BUNDLE_IDENTIFIER = com.linhbouniol.RPNCalculator;
				PRODUCT_NAME = "$(TARGET_NAME)";
				TARGETED_DEVICE_FAMILY = "1,2";
			};
			name = Debug;
		};
		3903501121669F4400A249E3 /* Release */ = {
			isa = XCBuildConfiguration;
			buildSettings = {
				ASSETCATALOG_COMPILER_APPICON_NAME = AppIcon;
				CODE_SIGN_STYLE = Automatic;
				DEVELOPMENT_TEAM = "";
				INFOPLIST_FILE = "$(SRCROOT)/RPNCalculator/Resources/Info.plist";
				LD_RUNPATH_SEARCH_PATHS = (
					"$(inherited)",
					"@executable_path/Frameworks",
				);
				PRODUCT_BUNDLE_IDENTIFIER = com.linhbouniol.RPNCalculator;
				PRODUCT_NAME = "$(TARGET_NAME)";
				TARGETED_DEVICE_FAMILY = "1,2";
			};
			name = Release;
		};
/* End XCBuildConfiguration section */

/* Begin XCConfigurationList section */
		39034FF421669F4300A249E3 /* Build configuration list for PBXProject "RPNCalculator" */ = {
			isa = XCConfigurationList;
			buildConfigurations = (
				3903500D21669F4400A249E3 /* Debug */,
				3903500E21669F4400A249E3 /* Release */,
			);
			defaultConfigurationIsVisible = 0;
			defaultConfigurationName = Release;
		};
		3903500F21669F4400A249E3 /* Build configuration list for PBXNativeTarget "RPNCalculator" */ = {
			isa = XCConfigurationList;
			buildConfigurations = (
				3903501021669F4400A249E3 /* Debug */,
				3903501121669F4400A249E3 /* Release */,
			);
			defaultConfigurationIsVisible = 0;
			defaultConfigurationName = Release;
		};
/* End XCConfigurationList section */
	};
	rootObject = 39034FF121669F4300A249E3 /* Project object */;
}
